<Solution>
  <Folder Name="/Task0/">
    <Project Path="Tyuiu.PolyakovaAB.Sprint2.Task0.V5.Lib/Tyuiu.PolyakovaAB.Sprint2.Task0.V5.Lib.csproj" />
    <Project Path="Tyuiu.PolyakovaAB.Sprint2.Task0.V5.Test/Tyuiu.PolyakovaAB.Sprint2.Task0.V5.Test.csproj" />
    <Project Path="Tyuiu.PolyakovaAB.Sprint2.Task0.V5/Tyuiu.PolyakovaAB.Sprint2.Task0.V5.csproj" />
  </Folder>
  <Folder Name="/Task1/">
    <Project Path="Tyuiu.PolyakovaAB.Sprint2.Task1.V12.Lib/Tyuiu.PolyakovaAB.Sprint2.Task1.V12.Lib.csproj" />
    <Project Path="Tyuiu.PolyakovaAB.Sprint2.Task1.V12.Test/Tyuiu.PolyakovaAB.Sprint2.Task1.V12.Test.csproj" />
    <Project Path="Tyuiu.PolyakovaAB.Sprint2.Task1.V12/Tyuiu.PolyakovaAB.Sprint2.Task1.V12.csproj" />
  </Folder>
  <Folder Name="/Task2/">
    <Project Path="Tyuiu.PolyakovaAB.Sprint2.Task2.V20.Lib/Tyuiu.PolyakovaAB.Sprint2.Task2.V20.Lib.csproj" />
    <Project Path="Tyuiu.PolyakovaAB.Sprint2.Task2.V20.Test/Tyuiu.PolyakovaAB.Sprint2.Task2.V20.Test.csproj" />
    <Project Path="Tyuiu.PolyakovaAB.Sprint2.Task2.V20/Tyuiu.PolyakovaAB.Sprint2.Task2.V20.csproj" />
  </Folder>
  <Folder Name="/Task3/">
    <Project Path="Tyuiu.PolyakovaAB.Sprint2.Task3.V25.Lib/Tyuiu.PolyakovaAB.Sprint2.Task3.V25.Lib.csproj" />
    <Project Path="Tyuiu.PolyakovaAB.Sprint2.Task3.V25.Test/Tyuiu.PolyakovaAB.Sprint2.Task3.V25.Test.csproj" />
    <Project Path="Tyuiu.PolyakovaAB.Sprint2.Task3.V25/Tyuiu.PolyakovaAB.Sprint2.Task3.V25.csproj" />
  </Folder>
  <Folder Name="/Task4/">
    <Project Path="Tyuiu.PolyakovaAB.Sprint2.Task4.V11.Lib/Tyuiu.PolyakovaAB.Sprint2.Task4.V11.Lib.csproj" Id="ff5cb39f-8762-422f-b703-0b81a426c8bb" />
    <Project Path="Tyuiu.PolyakovaAB.Sprint2.Task4.V11.Test/Tyuiu.PolyakovaAB.Sprint2.Task4.V11.Test.csproj" Id="2bc51e0c-8e8f-4f0e-9125-2301190078f9" />
    <Project Path="Tyuiu.PolyakovaAB.Sprint2.Task4.V11/Tyuiu.PolyakovaAB.Sprint2.Task4.V11.csproj" Id="9d677dbe-6523-4b14-8356-ba949fb78360" />
  </Folder>
  <Folder Name="/Task5/">
    <Project Path="Tyuiu.PolyakovaAB.Sprint2.Task5.V5.Lib/Tyuiu.PolyakovaAB.Sprint2.Task5.V5.Lib.csproj" Id="024f444f-2eed-46c0-95ab-65185cc888c6" />
    <Project Path="Tyuiu.PolyakovaAB.Sprint2.Task5.V5.Test/Tyuiu.PolyakovaAB.Sprint2.Task5.V5.Test.csproj" Id="69bc7fcd-cc34-4cf2-9fa8-69853f13b0c2" />
    <Project Path="Tyuiu.PolyakovaAB.Sprint2.Task5.V5/Tyuiu.PolyakovaAB.Sprint2.Task5.V5.csproj" Id="39598cd5-a2e9-4454-ba0c-d6ae5ef9742e" />
  </Folder>
  <Folder Name="/Task6/">
    <Project Path="Tyuiu.PolyakovaAB.Sprint2.Task6.V3.Lib/Tyuiu.PolyakovaAB.Sprint2.Task6.V3.Lib.csproj" Id="f5b2b756-91ca-42ae-b09b-de0643ad28a4" />
    <Project Path="Tyuiu.PolyakovaAB.Sprint2.Task6.V3.Test/Tyuiu.PolyakovaAB.Sprint2.Task6.V3.Test.csproj" Id="1f049599-916a-4307-9398-e65b3a6edb42" />
    <Project Path="Tyuiu.PolyakovaAB.Sprint2.Task6.V3/Tyuiu.PolyakovaAB.Sprint2.Task6.V3.csproj" Id="7fb82da6-0956-407b-8fca-49b7b72729ed" />
  </Folder>
</Solution>
